
Microsoft Visual Studio Solution File, Format Version 12.00
# Visual Studio Version 17
VisualStudioVersion = 17.5.002.0
MinimumVisualStudioVersion = 10.0.40219.1
Project("{9A19103F-16F7-4668-BE54-9A1E7A4F7556}") = "Media4Notas", "Media4Notas.csproj", "{B2FCB092-6998-41F7-A764-1E91311AF730}"
EndProject
Global
	GlobalSection(SolutionConfigurationPlatforms) = preSolution
		Debug|Any CPU = Debug|Any CPU
		Release|Any CPU = Release|Any CPU
	EndGlobalSection
	GlobalSection(ProjectConfigurationPlatforms) = postSolution
		{B2FCB092-6998-41F7-A764-1E91311AF730}.Debug|Any CPU.ActiveCfg = Debug|Any CPU
		{B2FCB092-6998-41F7-A764-1E91311AF730}.Debug|Any CPU.Build.0 = Debug|Any CPU
		{B2FCB092-6998-41F7-A764-1E91311AF730}.Release|Any CPU.ActiveCfg = Release|Any CPU
		{B2FCB092-6998-41F7-A764-1E91311AF730}.Release|Any CPU.Build.0 = Release|Any CPU
	EndGlobalSection
	GlobalSection(SolutionProperties) = preSolution
		HideSolutionNode = FALSE
	EndGlobalSection
	GlobalSection(ExtensibilityGlobals) = postSolution
		SolutionGuid = {1FC015F1-DF28-438A-B0B7-96ADB97C359C}
	EndGlobalSection
EndGlobal
